
Microsoft Visual Studio Solution File, Format Version 12.00
# Visual Studio Version 17
VisualStudioVersion = 17.0.31903.59
MinimumVisualStudioVersion = 10.0.40219.1
Project("{FAE04EC0-301F-11D3-BF4B-00C04F79EFBC}") = "BuberDinner.Api", "BuberDinner.Api\BuberDinner.Api.csproj", "{52236760-58EB-4EA7-9F97-D4238CA7FD37}"
EndProject
Project("{FAE04EC0-301F-11D3-BF4B-00C04F79EFBC}") = "BuberDinner.Application", "BuberDinner.Application\BuberDinner.Application.csproj", "{BB2CF9B4-8ED4-42D6-ACEF-549EA4D2FEED}"
EndProject
Project("{FAE04EC0-301F-11D3-BF4B-00C04F79EFBC}") = "BuberDinner.Contracts", "BuberDinner.Contracts\BuberDinner.Contracts.csproj", "{35F0DDFF-7125-48EE-9CA2-520E37C16874}"
EndProject
Project("{FAE04EC0-301F-11D3-BF4B-00C04F79EFBC}") = "BuberDinner.Domain", "BuberDinner.Domain\BuberDinner.Domain.csproj", "{FE05E058-A109-4D23-AE18-8370B76A765D}"
EndProject
Project("{FAE04EC0-301F-11D3-BF4B-00C04F79EFBC}") = "BuberDinner.Infrastructure", "BuberDinner.Infrastructure\BuberDinner.Infrastructure.csproj", "{472C6000-ACB0-4390-8CEA-CA4DA67DA18A}"
EndProject
Global
	GlobalSection(SolutionConfigurationPlatforms) = preSolution
		Debug|Any CPU = Debug|Any CPU
		Release|Any CPU = Release|Any CPU
	EndGlobalSection
	GlobalSection(SolutionProperties) = preSolution
		HideSolutionNode = FALSE
	EndGlobalSection
	GlobalSection(ProjectConfigurationPlatforms) = postSolution
		{52236760-58EB-4EA7-9F97-D4238CA7FD37}.Debug|Any CPU.ActiveCfg = Debug|Any CPU
		{52236760-58EB-4EA7-9F97-D4238CA7FD37}.Debug|Any CPU.Build.0 = Debug|Any CPU
		{52236760-58EB-4EA7-9F97-D4238CA7FD37}.Release|Any CPU.ActiveCfg = Release|Any CPU
		{52236760-58EB-4EA7-9F97-D4238CA7FD37}.Release|Any CPU.Build.0 = Release|Any CPU
		{BB2CF9B4-8ED4-42D6-ACEF-549EA4D2FEED}.Debug|Any CPU.ActiveCfg = Debug|Any CPU
		{BB2CF9B4-8ED4-42D6-ACEF-549EA4D2FEED}.Debug|Any CPU.Build.0 = Debug|Any CPU
		{BB2CF9B4-8ED4-42D6-ACEF-549EA4D2FEED}.Release|Any CPU.ActiveCfg = Release|Any CPU
		{BB2CF9B4-8ED4-42D6-ACEF-549EA4D2FEED}.Release|Any CPU.Build.0 = Release|Any CPU
		{35F0DDFF-7125-48EE-9CA2-520E37C16874}.Debug|Any CPU.ActiveCfg = Debug|Any CPU
		{35F0DDFF-7125-48EE-9CA2-520E37C16874}.Debug|Any CPU.Build.0 = Debug|Any CPU
		{35F0DDFF-7125-48EE-9CA2-520E37C16874}.Release|Any CPU.ActiveCfg = Release|Any CPU
		{35F0DDFF-7125-48EE-9CA2-520E37C16874}.Release|Any CPU.Build.0 = Release|Any CPU
		{FE05E058-A109-4D23-AE18-8370B76A765D}.Debug|Any CPU.ActiveCfg = Debug|Any CPU
		{FE05E058-A109-4D23-AE18-8370B76A765D}.Debug|Any CPU.Build.0 = Debug|Any CPU
		{FE05E058-A109-4D23-AE18-8370B76A765D}.Release|Any CPU.ActiveCfg = Release|Any CPU
		{FE05E058-A109-4D23-AE18-8370B76A765D}.Release|Any CPU.Build.0 = Release|Any CPU
		{472C6000-ACB0-4390-8CEA-CA4DA67DA18A}.Debug|Any CPU.ActiveCfg = Debug|Any CPU
		{472C6000-ACB0-4390-8CEA-CA4DA67DA18A}.Debug|Any CPU.Build.0 = Debug|Any CPU
		{472C6000-ACB0-4390-8CEA-CA4DA67DA18A}.Release|Any CPU.ActiveCfg = Release|Any CPU
		{472C6000-ACB0-4390-8CEA-CA4DA67DA18A}.Release|Any CPU.Build.0 = Release|Any CPU
	EndGlobalSection
EndGlobal
